<?xml version="1.0" encoding="utf-8"?>
<Project ToolsVersion="4.0" xmlns="http://schemas.microsoft.com/developer/msbuild/2003">
  <ItemGroup>
    <Filter Include="资源文件">
      <UniqueIdentifier>{67DA6AB6-F800-4c08-8B7A-83BB121AAD01}</UniqueIdentifier>
      <Extensions>rc;ico;cur;bmp;dlg;rc2;rct;bin;rgs;gif;jpg;jpeg;jpe;resx;tiff;tif;png;wav;mfcribbon-ms</Extensions>
    </Filter>
    <Filter Include="Main">
      <UniqueIdentifier>{07abc56f-94f1-4deb-831c-a782ce5a69c1}</UniqueIdentifier>
    </Filter>
    <Filter Include="HelloWnd">
      <UniqueIdentifier>{39f77119-d318-4382-afd8-5046a719e32b}</UniqueIdentifier>
    </Filter>
    <Filter Include="Test">
      <UniqueIdentifier>{5d0a4c0c-f7f3-4060-8be9-1a0e26b564af}</UniqueIdentifier>
    </Filter>
  </ItemGroup>
  <ItemGroup>
    <ClInclude Include="resource.h">
      <Filter>资源文件</Filter>
    </ClInclude>
    <ClInclude Include="StdAfx.h">
      <Filter>Main</Filter>
    </ClInclude>
    <ClInclude Include="CHelloWnd.h">
      <Filter>HelloWnd</Filter>
    </ClInclude>
    <ClInclude Include="Hello.h">
      <Filter>Test</Filter>
    </ClInclude>
  </ItemGroup>
  <ItemGroup>
    <ResourceCompile Include="HelloWorld.rc">
      <Filter>资源文件</Filter>
    </ResourceCompile>
  </ItemGroup>
  <ItemGroup>
    <Image Include="bitmap1.bmp">
      <Filter>资源文件</Filter>
    </Image>
    <Image Include="res\hello.ico">
      <Filter>资源文件</Filter>
    </Image>
  </ItemGroup>
  <ItemGroup>
    <ClCompile Include="main.cpp">
      <Filter>Main</Filter>
    </ClCompile>
    <ClCompile Include="StdAfx.cpp">
      <Filter>Main</Filter>
    </ClCompile>
    <ClCompile Include="CHelloWnd.cpp">
      <Filter>HelloWnd</Filter>
    </ClCompile>
    <ClCompile Include="Hello.cpp">
      <Filter>Test</Filter>
    </ClCompile>
  </ItemGroup>
  <ItemGroup>
    <Xml Include="res\HelloDuilib.xml" />
  </ItemGroup>
</Project>