<?xml version="1.0" encoding="utf-8"?>
<Project ToolsVersion="4.0" xmlns="http://schemas.microsoft.com/developer/msbuild/2003">
  <ItemGroup>
    <Filter Include="Source Files">
      <UniqueIdentifier>{5934f3f4-b025-4fd9-bd3c-a8303b029476}</UniqueIdentifier>
      <Extensions>cpp;c;cxx;rc;def;r;odl;idl;hpj;bat</Extensions>
    </Filter>
    <Filter Include="Header Files">
      <UniqueIdentifier>{aaa75c29-f46e-4cd4-aca4-34f04d4f39c5}</UniqueIdentifier>
    </Filter>
    <Filter Include="Resource Files">
      <UniqueIdentifier>{14836bad-d2f5-4d2e-b8db-a7e95a37db07}</UniqueIdentifier>
    </Filter>
    <Filter Include="code">
      <UniqueIdentifier>{a08ec4f8-ce77-4155-8d93-07c5836fc993}</UniqueIdentifier>
    </Filter>
  </ItemGroup>
  <ItemGroup>
    <ClCompile Include="StdAfx.cpp">
      <Filter>Source Files</Filter>
    </ClCompile>
    <ClCompile Include="main.cpp">
      <Filter>code</Filter>
    </ClCompile>
    <ClCompile Include="debug.cpp">
      <Filter>code</Filter>
    </ClCompile>
    <ClCompile Include="main_frame.cpp">
      <Filter>code</Filter>
    </ClCompile>
    <ClCompile Include="UICrack.cpp">
      <Filter>code</Filter>
    </ClCompile>
    <ClCompile Include="UIMenu.cpp">
      <Filter>code</Filter>
    </ClCompile>
  </ItemGroup>
  <ItemGroup>
    <ClInclude Include="debug.hpp">
      <Filter>Header Files</Filter>
    </ClInclude>
    <ClInclude Include="StdAfx.h">
      <Filter>Header Files</Filter>
    </ClInclude>
    <ClInclude Include="resource.h">
      <Filter>Resource Files</Filter>
    </ClInclude>
    <ClInclude Include="UICrack.h">
      <Filter>code</Filter>
    </ClInclude>
    <ClInclude Include="UIMenu.h">
      <Filter>code</Filter>
    </ClInclude>
    <ClInclude Include="observer_impl_base.hpp">
      <Filter>code</Filter>
    </ClInclude>
    <ClInclude Include="main_frame.hpp">
      <Filter>code</Filter>
    </ClInclude>
  </ItemGroup>
  <ItemGroup>
    <ResourceCompile Include="MenuDemo.rc">
      <Filter>Resource Files</Filter>
    </ResourceCompile>
  </ItemGroup>
  <ItemGroup>
    <Xml Include="res\menutest.xml">
      <Filter>Resource Files</Filter>
    </Xml>
    <Xml Include="res\skin.xml">
      <Filter>Resource Files</Filter>
    </Xml>
  </ItemGroup>
  <ItemGroup>
    <Image Include="bitmap1.bmp" />
    <Image Include="C:\Users\fmj\Desktop\惠亚梅\无标题.png" />
  </ItemGroup>
  <ItemGroup>
    <None Include="xml1.bin" />
    <None Include="ClassDiagram.cd" />
  </ItemGroup>
</Project>